
Microsoft Visual Studio Solution File, Format Version 12.00
# Visual Studio Version 17
VisualStudioVersion = 17.3.32901.215
MinimumVisualStudioVersion = 10.0.40219.1
Project("{FAE04EC0-301F-11D3-BF4B-00C04F79EFBC}") = "HomeWork_1", "HomeWork_1\HomeWork_1.csproj", "{B97A093E-B5A2-4750-B245-C99FD59DC2BC}"
EndProject
Global
	GlobalSection(SolutionConfigurationPlatforms) = preSolution
		Debug|Any CPU = Debug|Any CPU
		Release|Any CPU = Release|Any CPU
	EndGlobalSection
	GlobalSection(ProjectConfigurationPlatforms) = postSolution
		{B97A093E-B5A2-4750-B245-C99FD59DC2BC}.Debug|Any CPU.ActiveCfg = Debug|Any CPU
		{B97A093E-B5A2-4750-B245-C99FD59DC2BC}.Debug|Any CPU.Build.0 = Debug|Any CPU
		{B97A093E-B5A2-4750-B245-C99FD59DC2BC}.Release|Any CPU.ActiveCfg = Release|Any CPU
		{B97A093E-B5A2-4750-B245-C99FD59DC2BC}.Release|Any CPU.Build.0 = Release|Any CPU
	EndGlobalSection
	GlobalSection(SolutionProperties) = preSolution
		HideSolutionNode = FALSE
	EndGlobalSection
	GlobalSection(ExtensibilityGlobals) = postSolution
		SolutionGuid = {EC12845D-8511-42E9-9F09-A72DE89D650F}
	EndGlobalSection
EndGlobal
